<?xml version="1.0" encoding="utf-8"?>
<Project ToolsVersion="4.0" xmlns="http://schemas.microsoft.com/developer/msbuild/2003">
  <ItemGroup>
    <Filter Include="LSAP">
      <UniqueIdentifier>{1526887C-015D-890D-AA49-6F10965F050F}</UniqueIdentifier>
    </Filter>
    <Filter Include="LSAP\Events">
      <UniqueIdentifier>{5988FD05-C53D-76FB-4E32-70D2BAE66CFF}</UniqueIdentifier>
    </Filter>
    <Filter Include="LSAP\ImGui">
      <UniqueIdentifier>{FF161CAB-EBCE-5DF8-54D6-365440ADF8E8}</UniqueIdentifier>
    </Filter>
    <Filter Include="Platform">
      <UniqueIdentifier>{2AC788B4-1694-E3BF-3FAD-D1672BD9184E}</UniqueIdentifier>
    </Filter>
    <Filter Include="Platform\Windows">
      <UniqueIdentifier>{64FBD71A-50F4-F66C-7926-DCF1657ED678}</UniqueIdentifier>
    </Filter>
    <Filter Include="Synth">
      <UniqueIdentifier>{1B2F210E-8743-49BF-50C5-EC1EBC9845F0}</UniqueIdentifier>
    </Filter>
  </ItemGroup>
  <ItemGroup>
    <ClInclude Include="src\LSAP.h" />
    <ClInclude Include="src\LSAP\Application.h">
      <Filter>LSAP</Filter>
    </ClInclude>
    <ClInclude Include="src\LSAP\Core.h">
      <Filter>LSAP</Filter>
    </ClInclude>
    <ClInclude Include="src\LSAP\EntryPoint.h">
      <Filter>LSAP</Filter>
    </ClInclude>
    <ClInclude Include="src\LSAP\Events\ApplicationEvent.h">
      <Filter>LSAP\Events</Filter>
    </ClInclude>
    <ClInclude Include="src\LSAP\Events\Event.h">
      <Filter>LSAP\Events</Filter>
    </ClInclude>
    <ClInclude Include="src\LSAP\Events\KeyEvent.h">
      <Filter>LSAP\Events</Filter>
    </ClInclude>
    <ClInclude Include="src\LSAP\Events\MouseEvent.h">
      <Filter>LSAP\Events</Filter>
    </ClInclude>
    <ClInclude Include="src\LSAP\ImGui\LSGui.h">
      <Filter>LSAP\ImGui</Filter>
    </ClInclude>
    <ClInclude Include="src\LSAP\Input.h">
      <Filter>LSAP</Filter>
    </ClInclude>
    <ClInclude Include="src\LSAP\KeyCodes.h">
      <Filter>LSAP</Filter>
    </ClInclude>
    <ClInclude Include="src\LSAP\Layer.h">
      <Filter>LSAP</Filter>
    </ClInclude>
    <ClInclude Include="src\LSAP\LayerStack.h">
      <Filter>LSAP</Filter>
    </ClInclude>
    <ClInclude Include="src\LSAP\Log.h">
      <Filter>LSAP</Filter>
    </ClInclude>
    <ClInclude Include="src\LSAP\MouseCodes.h">
      <Filter>LSAP</Filter>
    </ClInclude>
    <ClInclude Include="src\LSAP\Window.h">
      <Filter>LSAP</Filter>
    </ClInclude>
    <ClInclude Include="src\Platform\Windows\WindowGL.h">
      <Filter>Platform\Windows</Filter>
    </ClInclude>
    <ClInclude Include="src\Synth\SoundGenerator.h">
      <Filter>Synth</Filter>
    </ClInclude>
    <ClInclude Include="src\lspch.h" />
  </ItemGroup>
  <ItemGroup>
    <ClCompile Include="src\LSAP\Application.cpp">
      <Filter>LSAP</Filter>
    </ClCompile>
    <ClCompile Include="src\LSAP\ImGui\ImGuiBuild.cpp">
      <Filter>LSAP\ImGui</Filter>
    </ClCompile>
    <ClCompile Include="src\LSAP\ImGui\LSGui.cpp">
      <Filter>LSAP\ImGui</Filter>
    </ClCompile>
    <ClCompile Include="src\LSAP\LayerStack.cpp">
      <Filter>LSAP</Filter>
    </ClCompile>
    <ClCompile Include="src\LSAP\Log.cpp">
      <Filter>LSAP</Filter>
    </ClCompile>
    <ClCompile Include="src\Platform\Windows\WindowGL.cpp">
      <Filter>Platform\Windows</Filter>
    </ClCompile>
    <ClCompile Include="src\Platform\Windows\WindowsInput.cpp">
      <Filter>Platform\Windows</Filter>
    </ClCompile>
    <ClCompile Include="src\Synth\SoundGenerator.cpp">
      <Filter>Synth</Filter>
    </ClCompile>
    <ClCompile Include="src\lspch.cpp" />
  </ItemGroup>
</Project>