<?xml version="1.0" encoding="utf-8"?>
<Project ToolsVersion="4.0" xmlns="http://schemas.microsoft.com/developer/msbuild/2003">
  <ItemGroup>
    <Filter Include="LSAP">
      <UniqueIdentifier>{1526887C-015D-890D-AA49-6F10965F050F}</UniqueIdentifier>
    </Filter>
    <Filter Include="LSAP\Events">
      <UniqueIdentifier>{5988FD05-C53D-76FB-4E32-70D2BAE66CFF}</UniqueIdentifier>
    </Filter>
    <Filter Include="LSAP\Synth">
      <UniqueIdentifier>{5A46D8AB-46FE-19F9-AF05-F3549BDCB4E9}</UniqueIdentifier>
    </Filter>
  </ItemGroup>
  <ItemGroup>
    <ClInclude Include="src\LSAP.h" />
    <ClInclude Include="src\LSAP\Application.h">
      <Filter>LSAP</Filter>
    </ClInclude>
    <ClInclude Include="src\LSAP\Core.h">
      <Filter>LSAP</Filter>
    </ClInclude>
    <ClInclude Include="src\LSAP\EntryPoint.h">
      <Filter>LSAP</Filter>
    </ClInclude>
    <ClInclude Include="src\LSAP\Events\Event.h">
      <Filter>LSAP\Events</Filter>
    </ClInclude>
    <ClInclude Include="src\LSAP\Synth\SoundGenerator.h">
      <Filter>LSAP\Synth</Filter>
    </ClInclude>
    <ClInclude Include="src\LSAP\Window.h">
      <Filter>LSAP</Filter>
    </ClInclude>
    <ClInclude Include="src\LSAP\WindowGL.h">
      <Filter>LSAP</Filter>
    </ClInclude>
    <ClInclude Include="src\lspch.h" />
    <ClInclude Include="src\LSAP\Log.h" />
    <ClInclude Include="src\LSAP\Events\ApplicationEvent.h" />
    <ClInclude Include="src\LSAP\Events\KeyEvent.h" />
    <ClInclude Include="src\LSAP\Events\MouseEvent.h" />
  </ItemGroup>
  <ItemGroup>
    <ClCompile Include="src\LSAP\Application.cpp">
      <Filter>LSAP</Filter>
    </ClCompile>
    <ClCompile Include="src\LSAP\Synth\SoundGenerator.cpp">
      <Filter>LSAP\Synth</Filter>
    </ClCompile>
    <ClCompile Include="src\LSAP\WindowGL.cpp">
      <Filter>LSAP</Filter>
    </ClCompile>
    <ClCompile Include="src\lspch.cpp" />
    <ClCompile Include="src\LSAP\Log.cpp" />
  </ItemGroup>
</Project>